{
  "name": "smart-diff-demo",
  "lockfileVersion": 3,
  "packages": {
    "@demo/pkg-01": {
      "version": "1.1.0",
      "resolution": {
        "integrity": "sha512-demo000000000000000000000000000001"
      },
      "dependencies": {
        "tslib": "^2.6.0"
      }
    },
    "@demo/pkg-02": {
      "version": "1.2.0",
      "resolution": {
        "integrity": "sha512-demo000000000000000000000000000002"
      },
      "dependencies": {
        "tslib": "^2.6.0"
      }
    },
    "@demo/pkg-03": {
      "version": "1.3.0",
      "resolution": {
        "integrity": "sha512-demo000000000000000000000000000003"
      },
      "dependencies": {
        "tslib": "^2.6.0"
      }
    },
    "@demo/pkg-04": {
      "version": "1.4.0",
      "resolution": {
        "integrity": "sha512-demo000000000000000000000000000004"
      },
      "dependencies": {
        "tslib": "^2.6.0"
      }
    },
    "@demo/pkg-05": {
      "version": "1.5.0",
      "resolution": {
        "integrity": "sha512-demo000000000000000000000000000005"
      },
      "dependencies": {
        "tslib": "^2.6.0"
      }
    },
    "@demo/pkg-06": {
      "version": "1.6.0",
      "resolution": {
        "integrity": "sha512-demo000000000000000000000000000006"
      },
      "dependencies": {
        "tslib": "^2.6.0"
      }
    },
    "@demo/pkg-07": {
      "version": "1.7.0",
      "resolution": {
        "integrity": "sha512-demo000000000000000000000000000007"
      },
      "dependencies": {
        "tslib": "^2.6.0"
      }
    },
    "@demo/pkg-08": {
      "version": "1.8.0",
      "resolution": {
        "integrity": "sha512-demo000000000000000000000000000008"
      },
      "dependencies": {
        "tslib": "^2.6.0"
      }
    },
    "@demo/pkg-09": {
      "version": "1.9.0",
      "resolution": {
        "integrity": "sha512-demo000000000000000000000000000009"
      },
      "dependencies": {
        "tslib": "^2.6.0"
      }
    },
    "@demo/pkg-10": {
      "version": "1.10.0",
      "resolution": {
        "integrity": "sha512-demo000000000000000000000000000010"
      },
      "dependencies": {
        "tslib": "^2.6.0"
      }
    },
    "@demo/pkg-11": {
      "version": "1.11.0",
      "resolution": {
        "integrity": "sha512-demo000000000000000000000000000011"
      },
      "dependencies": {
        "tslib": "^2.6.0"
      }
    },
    "@demo/pkg-12": {
      "version": "1.12.0",
      "resolution": {
        "integrity": "sha512-demo000000000000000000000000000012"
      },
      "dependencies": {
        "tslib": "^2.6.0"
      }
    },
    "@demo/pkg-13": {
      "version": "1.13.0",
      "resolution": {
        "integrity": "sha512-demo000000000000000000000000000013"
      },
      "dependencies": {
        "tslib": "^2.6.0"
      }
    },
    "@demo/pkg-14": {
      "version": "1.14.0",
      "resolution": {
        "integrity": "sha512-demo000000000000000000000000000014"
      },
      "dependencies": {
        "tslib": "^2.6.0"
      }
    },
    "@demo/pkg-15": {
      "version": "1.15.0",
      "resolution": {
        "integrity": "sha512-demo000000000000000000000000000015"
      },
      "dependencies": {
        "tslib": "^2.6.0"
      }
    },
    "@demo/pkg-16": {
      "version": "1.16.0",
      "resolution": {
        "integrity": "sha512-demo000000000000000000000000000016"
      },
      "dependencies": {
        "tslib": "^2.6.0"
      }
    },
    "@demo/pkg-17": {
      "version": "1.17.0",
      "resolution": {
        "integrity": "sha512-demo000000000000000000000000000017"
      },
      "dependencies": {
        "tslib": "^2.6.0"
      }
    },
    "@demo/pkg-18": {
      "version": "1.18.0",
      "resolution": {
        "integrity": "sha512-demo000000000000000000000000000018"
      },
      "dependencies": {
        "tslib": "^2.6.0"
      }
    },
    "@demo/pkg-19": {
      "version": "1.19.0",
      "resolution": {
        "integrity": "sha512-demo000000000000000000000000000019"
      },
      "dependencies": {
        "tslib": "^2.6.0"
      }
    },
    "@demo/pkg-20": {
      "version": "1.20.0",
      "resolution": {
        "integrity": "sha512-demo000000000000000000000000000020"
      },
      "dependencies": {
        "tslib": "^2.6.0"
      }
    },
    "@demo/pkg-21": {
      "version": "1.21.0",
      "resolution": {
        "integrity": "sha512-demo000000000000000000000000000021"
      },
      "dependencies": {
        "tslib": "^2.6.0"
      }
    },
    "@demo/pkg-22": {
      "version": "1.22.0",
      "resolution": {
        "integrity": "sha512-demo000000000000000000000000000022"
      },
      "dependencies": {
        "tslib": "^2.6.0"
      }
    },
    "@demo/pkg-23": {
      "version": "1.23.0",
      "resolution": {
        "integrity": "sha512-demo000000000000000000000000000023"
      },
      "dependencies": {
        "tslib": "^2.6.0"
      }
    },
    "@demo/pkg-24": {
      "version": "1.24.0",
      "resolution": {
        "integrity": "sha512-demo000000000000000000000000000024"
      },
      "dependencies": {
        "tslib": "^2.6.0"
      }
    },
    "@demo/pkg-25": {
      "version": "1.25.0",
      "resolution": {
        "integrity": "sha512-demo000000000000000000000000000025"
      },
      "dependencies": {
        "tslib": "^2.6.0"
      }
    },
    "@demo/pkg-26": {
      "version": "1.26.0",
      "resolution": {
        "integrity": "sha512-demo000000000000000000000000000026"
      },
      "dependencies": {
        "tslib": "^2.6.0"
      }
    },
    "@demo/pkg-27": {
      "version": "1.27.0",
      "resolution": {
        "integrity": "sha512-demo000000000000000000000000000027"
      },
      "dependencies": {
        "tslib": "^2.6.0"
      }
    },
    "@demo/pkg-28": {
      "version": "1.28.0",
      "resolution": {
        "integrity": "sha512-demo000000000000000000000000000028"
      },
      "dependencies": {
        "tslib": "^2.6.0"
      }
    },
    "@demo/pkg-29": {
      "version": "1.29.0",
      "resolution": {
        "integrity": "sha512-demo000000000000000000000000000029"
      },
      "dependencies": {
        "tslib": "^2.6.0"
      }
    },
    "@demo/pkg-30": {
      "version": "1.30.0",
      "resolution": {
        "integrity": "sha512-demo000000000000000000000000000030"
      },
      "dependencies": {
        "tslib": "^2.6.0"
      }
    },
    "@demo/pkg-31": {
      "version": "1.31.0",
      "resolution": {
        "integrity": "sha512-demo000000000000000000000000000031"
      },
      "dependencies": {
        "tslib": "^2.6.0"
      }
    },
    "@demo/pkg-32": {
      "version": "1.32.0",
      "resolution": {
        "integrity": "sha512-demo000000000000000000000000000032"
      },
      "dependencies": {
        "tslib": "^2.6.0"
      }
    },
    "@demo/pkg-33": {
      "version": "1.33.0",
      "resolution": {
        "integrity": "sha512-demo000000000000000000000000000033"
      },
      "dependencies": {
        "tslib": "^2.6.0"
      }
    },
    "@demo/pkg-34": {
      "version": "1.34.0",
      "resolution": {
        "integrity": "sha512-demo000000000000000000000000000034"
      },
      "dependencies": {
        "tslib": "^2.6.0"
      }
    },
    "@demo/pkg-35": {
      "version": "1.35.0",
      "resolution": {
        "integrity": "sha512-demo000000000000000000000000000035"
      },
      "dependencies": {
        "tslib": "^2.6.0"
      }
    },
    "@demo/pkg-36": {
      "version": "1.36.0",
      "resolution": {
        "integrity": "sha512-demo000000000000000000000000000036"
      },
      "dependencies": {
        "tslib": "^2.6.0"
      }
    },
    "@demo/pkg-37": {
      "version": "1.37.0",
      "resolution": {
        "integrity": "sha512-demo000000000000000000000000000037"
      },
      "dependencies": {
        "tslib": "^2.6.0"
      }
    },
    "@demo/pkg-38": {
      "version": "1.38.0",
      "resolution": {
        "integrity": "sha512-demo000000000000000000000000000038"
      },
      "dependencies": {
        "tslib": "^2.6.0"
      }
    },
    "@demo/pkg-39": {
      "version": "1.39.0",
      "resolution": {
        "integrity": "sha512-demo000000000000000000000000000039"
      },
      "dependencies": {
        "tslib": "^2.6.0"
      }
    },
    "@demo/pkg-40": {
      "version": "1.40.0",
      "resolution": {
        "integrity": "sha512-demo000000000000000000000000000040"
      },
      "dependencies": {
        "tslib": "^2.6.0"
      }
    },
    "@demo/pkg-41": {
      "version": "1.41.0",
      "resolution": {
        "integrity": "sha512-demo000000000000000000000000000041"
      },
      "dependencies": {
        "tslib": "^2.6.0"
      }
    },
    "@demo/pkg-42": {
      "version": "1.42.0",
      "resolution": {
        "integrity": "sha512-demo000000000000000000000000000042"
      },
      "dependencies": {
        "tslib": "^2.6.0"
      }
    },
    "@demo/pkg-43": {
      "version": "1.43.0",
      "resolution": {
        "integrity": "sha512-demo000000000000000000000000000043"
      },
      "dependencies": {
        "tslib": "^2.6.0"
      }
    },
    "@demo/pkg-44": {
      "version": "1.44.0",
      "resolution": {
        "integrity": "sha512-demo000000000000000000000000000044"
      },
      "dependencies": {
        "tslib": "^2.6.0"
      }
    },
    "@demo/pkg-45": {
      "version": "1.45.0",
      "resolution": {
        "integrity": "sha512-demo000000000000000000000000000045"
      },
      "dependencies": {
        "tslib": "^2.6.0"
      }
    },
    "@demo/pkg-46": {
      "version": "1.46.0",
      "resolution": {
        "integrity": "sha512-demo000000000000000000000000000046"
      },
      "dependencies": {
        "tslib": "^2.6.0"
      }
    },
    "@demo/pkg-47": {
      "version": "1.47.0",
      "resolution": {
        "integrity": "sha512-demo000000000000000000000000000047"
      },
      "dependencies": {
        "tslib": "^2.6.0"
      }
    },
    "@demo/pkg-48": {
      "version": "1.48.0",
      "resolution": {
        "integrity": "sha512-demo000000000000000000000000000048"
      },
      "dependencies": {
        "tslib": "^2.6.0"
      }
    },
    "@demo/pkg-49": {
      "version": "1.49.0",
      "resolution": {
        "integrity": "sha512-demo000000000000000000000000000049"
      },
      "dependencies": {
        "tslib": "^2.6.0"
      }
    },
    "@demo/pkg-50": {
      "version": "1.50.0",
      "resolution": {
        "integrity": "sha512-demo000000000000000000000000000050"
      },
      "dependencies": {
        "tslib": "^2.6.0"
      }
    },
    "@demo/pkg-51": {
      "version": "1.51.0",
      "resolution": {
        "integrity": "sha512-demo000000000000000000000000000051"
      },
      "dependencies": {
        "tslib": "^2.6.0"
      }
    },
    "@demo/pkg-52": {
      "version": "1.52.0",
      "resolution": {
        "integrity": "sha512-demo000000000000000000000000000052"
      },
      "dependencies": {
        "tslib": "^2.6.0"
      }
    },
    "@demo/pkg-53": {
      "version": "1.53.0",
      "resolution": {
        "integrity": "sha512-demo000000000000000000000000000053"
      },
      "dependencies": {
        "tslib": "^2.6.0"
      }
    },
    "@demo/pkg-54": {
      "version": "1.54.0",
      "resolution": {
        "integrity": "sha512-demo000000000000000000000000000054"
      },
      "dependencies": {
        "tslib": "^2.6.0"
      }
    },
    "@demo/pkg-55": {
      "version": "1.55.0",
      "resolution": {
        "integrity": "sha512-demo000000000000000000000000000055"
      },
      "dependencies": {
        "tslib": "^2.6.0"
      }
    },
    "@demo/pkg-56": {
      "version": "1.56.0",
      "resolution": {
        "integrity": "sha512-demo000000000000000000000000000056"
      },
      "dependencies": {
        "tslib": "^2.6.0"
      }
    },
    "@demo/pkg-57": {
      "version": "1.57.0",
      "resolution": {
        "integrity": "sha512-demo000000000000000000000000000057"
      },
      "dependencies": {
        "tslib": "^2.6.0"
      }
    },
    "@demo/pkg-58": {
      "version": "1.58.0",
      "resolution": {
        "integrity": "sha512-demo000000000000000000000000000058"
      },
      "dependencies": {
        "tslib": "^2.6.0"
      }
    },
    "@demo/pkg-59": {
      "version": "1.59.0",
      "resolution": {
        "integrity": "sha512-demo000000000000000000000000000059"
      },
      "dependencies": {
        "tslib": "^2.6.0"
      }
    },
    "@demo/pkg-60": {
      "version": "1.60.0",
      "resolution": {
        "integrity": "sha512-demo000000000000000000000000000060"
      },
      "dependencies": {
        "tslib": "^2.6.0"
      }
    }
  }
}
